# This file is automatically @generated by Cargo.
# It is not intended for manual editing.
version = 3

[[package]]
name = "logdna-agent"
version = "3.4.0-beta.1"
dependencies = [
 "winservice",
]

[[package]]
name = "winservice"
version = "0.1.1"
source = "git+https://github.com/dkhokhlov/winservice.git#e9a82825fce1a6c3fb5a060381d8e66d8b2e1306"
